
Microsoft Visual Studio Solution File, Format Version 12.00
# Visual Studio 15
VisualStudioVersion = 15.0.27703.2000
MinimumVisualStudioVersion = 10.0.40219.1
Project("{888888A0-9F3D-457C-B088-3A5042F75D52}") = "Coding365", "Coding365\Coding365.pyproj", "{20AF04CF-FD83-4292-9B1E-490EFEE11204}"
EndProject
Global
	GlobalSection(SolutionConfigurationPlatforms) = preSolution
		Debug|Any CPU = Debug|Any CPU
		Release|Any CPU = Release|Any CPU
	EndGlobalSection
	GlobalSection(ProjectConfigurationPlatforms) = postSolution
		{20AF04CF-FD83-4292-9B1E-490EFEE11204}.Debug|Any CPU.ActiveCfg = Debug|Any CPU
		{20AF04CF-FD83-4292-9B1E-490EFEE11204}.Release|Any CPU.ActiveCfg = Release|Any CPU
	EndGlobalSection
	GlobalSection(SolutionProperties) = preSolution
		HideSolutionNode = FALSE
	EndGlobalSection
	GlobalSection(ExtensibilityGlobals) = postSolution
		SolutionGuid = {C00E6B5E-33E9-4BDC-8030-955CF9C212BF}
	EndGlobalSection
EndGlobal
